
Microsoft Visual Studio Solution File, Format Version 12.00
# Visual Studio Version 17
VisualStudioVersion = 17.7.34221.43
MinimumVisualStudioVersion = 10.0.40219.1
Project("{FAE04EC0-301F-11D3-BF4B-00C04F79EFBC}") = "ComicWebApplication", "ComicWebApplication\ComicWebApplication.csproj", "{CE2D6C6A-4831-4366-8692-4382ADBBBBE5}"
EndProject
Global
	GlobalSection(SolutionConfigurationPlatforms) = preSolution
		Debug|Any CPU = Debug|Any CPU
		Release|Any CPU = Release|Any CPU
	EndGlobalSection
	GlobalSection(ProjectConfigurationPlatforms) = postSolution
		{CE2D6C6A-4831-4366-8692-4382ADBBBBE5}.Debug|Any CPU.ActiveCfg = Debug|Any CPU
		{CE2D6C6A-4831-4366-8692-4382ADBBBBE5}.Debug|Any CPU.Build.0 = Debug|Any CPU
		{CE2D6C6A-4831-4366-8692-4382ADBBBBE5}.Release|Any CPU.ActiveCfg = Release|Any CPU
		{CE2D6C6A-4831-4366-8692-4382ADBBBBE5}.Release|Any CPU.Build.0 = Release|Any CPU
	EndGlobalSection
	GlobalSection(SolutionProperties) = preSolution
		HideSolutionNode = FALSE
	EndGlobalSection
	GlobalSection(ExtensibilityGlobals) = postSolution
		SolutionGuid = {9DAFF848-B323-4682-89AA-E7F49AF6ABCB}
	EndGlobalSection
EndGlobal
